
Microsoft Visual Studio Solution File, Format Version 12.00
# Visual Studio 2013
VisualStudioVersion = 12.0.31101.0
MinimumVisualStudioVersion = 10.0.40219.1
Project("{F2A71F9B-5D33-465A-A702-920D77279786}") = "ParseLog", "ParseLog\ParseLog.fsproj", "{56B805F3-303A-451C-B1F1-A85EEBB5ECC4}"
EndProject
Project("{2150E333-8FDC-42A3-9474-1A3956D46DE8}") = "Solution Items", "Solution Items", "{3EFF6C47-E8E3-488F-B678-B2F73326726C}"
	ProjectSection(SolutionItems) = preProject
		README.txt = README.txt
	EndProjectSection
EndProject
Global
	GlobalSection(SolutionConfigurationPlatforms) = preSolution
		Debug|Any CPU = Debug|Any CPU
		Release|Any CPU = Release|Any CPU
	EndGlobalSection
	GlobalSection(ProjectConfigurationPlatforms) = postSolution
		{56B805F3-303A-451C-B1F1-A85EEBB5ECC4}.Debug|Any CPU.ActiveCfg = Debug|Any CPU
		{56B805F3-303A-451C-B1F1-A85EEBB5ECC4}.Debug|Any CPU.Build.0 = Debug|Any CPU
		{56B805F3-303A-451C-B1F1-A85EEBB5ECC4}.Release|Any CPU.ActiveCfg = Release|Any CPU
		{56B805F3-303A-451C-B1F1-A85EEBB5ECC4}.Release|Any CPU.Build.0 = Release|Any CPU
	EndGlobalSection
	GlobalSection(SolutionProperties) = preSolution
		HideSolutionNode = FALSE
	EndGlobalSection
EndGlobal
